// !$*UTF8*$!
{
	archiveVersion = 1;
	classes = {
	};
	objectVersion = 55;
	objects = {

/* Begin PBXBuildFile section */
		7A471CBE28EDFC73007C489A /* ModifyMainInformationView.swift in Sources */ = {isa = PBXBuildFile; fileRef = 7A471CBD28EDFC73007C489A /* ModifyMainInformationView.swift */; };
		7A6B936828F37D8D006C6C76 /* ModifyIngredientView.swift in Sources */ = {isa = PBXBuildFile; fileRef = 7A6B936728F37D8D006C6C76 /* ModifyIngredientView.swift */; };
		7A6B936A28F4914D006C6C76 /* ModifyComponentsView.swift in Sources */ = {isa = PBXBuildFile; fileRef = 7A6B936928F4914D006C6C76 /* ModifyComponentsView.swift */; };
		7A6B936C28F7741F006C6C76 /* ModifyDirectionView.swift in Sources */ = {isa = PBXBuildFile; fileRef = 7A6B936B28F7741F006C6C76 /* ModifyDirectionView.swift */; };
		7AE2224128CA5A44000E80E4 /* CookcademyApp.swift in Sources */ = {isa = PBXBuildFile; fileRef = 7AE2224028CA5A44000E80E4 /* CookcademyApp.swift */; };
		7AE2224328CA5A44000E80E4 /* RecipesListView.swift in Sources */ = {isa = PBXBuildFile; fileRef = 7AE2224228CA5A44000E80E4 /* RecipesListView.swift */; };
		7AE2224528CA5A44000E80E4 /* Assets.xcassets in Resources */ = {isa = PBXBuildFile; fileRef = 7AE2224428CA5A44000E80E4 /* Assets.xcassets */; };
		7AE2224828CA5A44000E80E4 /* Preview Assets.xcassets in Resources */ = {isa = PBXBuildFile; fileRef = 7AE2224728CA5A44000E80E4 /* Preview Assets.xcassets */; };
		7AE2224F28CA60B0000E80E4 /* Recipe.swift in Sources */ = {isa = PBXBuildFile; fileRef = 7AE2224E28CA60B0000E80E4 /* Recipe.swift */; };
		7AE2226E28CD40A0000E80E4 /* RecipeData.swift in Sources */ = {isa = PBXBuildFile; fileRef = 7AE2226D28CD40A0000E80E4 /* RecipeData.swift */; };
		7AE2227028CD562C000E80E4 /* RecipeDetailView.swift in Sources */ = {isa = PBXBuildFile; fileRef = 7AE2226F28CD562C000E80E4 /* RecipeDetailView.swift */; };
		7AE2227228CEC5BC000E80E4 /* AppColor.swift in Sources */ = {isa = PBXBuildFile; fileRef = 7AE2227128CEC5BC000E80E4 /* AppColor.swift */; };
		7AE2227428CFAECC000E80E4 /* RecipeCategoryGridView.swift in Sources */ = {isa = PBXBuildFile; fileRef = 7AE2227328CFAECC000E80E4 /* RecipeCategoryGridView.swift */; };
		7AE222C628D50880000E80E4 /* ModifyRecipeView.swift in Sources */ = {isa = PBXBuildFile; fileRef = 7AE222C528D50880000E80E4 /* ModifyRecipeView.swift */; };
/* End PBXBuildFile section */

/* Begin PBXFileReference section */
		7A471CBD28EDFC73007C489A /* ModifyMainInformationView.swift */ = {isa = PBXFileReference; lastKnownFileType = sourcecode.swift; path = ModifyMainInformationView.swift; sourceTree = "<group>"; };
		7A6B936728F37D8D006C6C76 /* ModifyIngredientView.swift */ = {isa = PBXFileReference; lastKnownFileType = sourcecode.swift; path = ModifyIngredientView.swift; sourceTree = "<group>"; };
		7A6B936928F4914D006C6C76 /* ModifyComponentsView.swift */ = {isa = PBXFileReference; lastKnownFileType = sourcecode.swift; path = ModifyComponentsView.swift; sourceTree = "<group>"; };
		7A6B936B28F7741F006C6C76 /* ModifyDirectionView.swift */ = {isa = PBXFileReference; lastKnownFileType = sourcecode.swift; path = ModifyDirectionView.swift; sourceTree = "<group>"; };
		7AE2223D28CA5A44000E80E4 /* Cookcademy.app */ = {isa = PBXFileReference; explicitFileType = wrapper.application; includeInIndex = 0; path = Cookcademy.app; sourceTree = BUILT_PRODUCTS_DIR; };
		7AE2224028CA5A44000E80E4 /* CookcademyApp.swift */ = {isa = PBXFileReference; lastKnownFileType = sourcecode.swift; path = CookcademyApp.swift; sourceTree = "<group>"; };
		7AE2224228CA5A44000E80E4 /* RecipesListView.swift */ = {isa = PBXFileReference; lastKnownFileType = sourcecode.swift; path = RecipesListView.swift; sourceTree = "<group>"; };
		7AE2224428CA5A44000E80E4 /* Assets.xcassets */ = {isa = PBXFileReference; lastKnownFileType = folder.assetcatalog; path = Assets.xcassets; sourceTree = "<group>"; };
		7AE2224728CA5A44000E80E4 /* Preview Assets.xcassets */ = {isa = PBXFileReference; lastKnownFileType = folder.assetcatalog; path = "Preview Assets.xcassets"; sourceTree = "<group>"; };
		7AE2224E28CA60B0000E80E4 /* Recipe.swift */ = {isa = PBXFileReference; lastKnownFileType = sourcecode.swift; path = Recipe.swift; sourceTree = "<group>"; };
		7AE2226D28CD40A0000E80E4 /* RecipeData.swift */ = {isa = PBXFileReference; lastKnownFileType = sourcecode.swift; path = RecipeData.swift; sourceTree = "<group>"; };
		7AE2226F28CD562C000E80E4 /* RecipeDetailView.swift */ = {isa = PBXFileReference; lastKnownFileType = sourcecode.swift; path = RecipeDetailView.swift; sourceTree = "<group>"; };
		7AE2227128CEC5BC000E80E4 /* AppColor.swift */ = {isa = PBXFileReference; lastKnownFileType = sourcecode.swift; path = AppColor.swift; sourceTree = "<group>"; };
		7AE2227328CFAECC000E80E4 /* RecipeCategoryGridView.swift */ = {isa = PBXFileReference; lastKnownFileType = sourcecode.swift; path = RecipeCategoryGridView.swift; sourceTree = "<group>"; };
		7AE222C528D50880000E80E4 /* ModifyRecipeView.swift */ = {isa = PBXFileReference; lastKnownFileType = sourcecode.swift; path = ModifyRecipeView.swift; sourceTree = "<group>"; };
/* End PBXFileReference section */

/* Begin PBXFrameworksBuildPhase section */
		7AE2223A28CA5A44000E80E4 /* Frameworks */ = {
			isa = PBXFrameworksBuildPhase;
			buildActionMask = 2147483647;
			files = (
			);
			runOnlyForDeploymentPostprocessing = 0;
		};
/* End PBXFrameworksBuildPhase section */

/* Begin PBXGroup section */
		7AE2223428CA5A44000E80E4 = {
			isa = PBXGroup;
			children = (
				7AE2223F28CA5A44000E80E4 /* Cookcademy */,
				7AE2223E28CA5A44000E80E4 /* Products */,
			);
			sourceTree = "<group>";
		};
		7AE2223E28CA5A44000E80E4 /* Products */ = {
			isa = PBXGroup;
			children = (
				7AE2223D28CA5A44000E80E4 /* Cookcademy.app */,
			);
			name = Products;
			sourceTree = "<group>";
		};
		7AE2223F28CA5A44000E80E4 /* Cookcademy */ = {
			isa = PBXGroup;
			children = (
				7AE2224028CA5A44000E80E4 /* CookcademyApp.swift */,
				7AE2226B28CD3AE7000E80E4 /* ViewModels */,
				7AE2226A28CD3ACF000E80E4 /* Views */,
				7AE2226C28CD3AF5000E80E4 /* Models */,
				7AE2224428CA5A44000E80E4 /* Assets.xcassets */,
				7AE2224628CA5A44000E80E4 /* Preview Content */,
			);
			path = Cookcademy;
			sourceTree = "<group>";
		};
		7AE2224628CA5A44000E80E4 /* Preview Content */ = {
			isa = PBXGroup;
			children = (
				7AE2224728CA5A44000E80E4 /* Preview Assets.xcassets */,
			);
			path = "Preview Content";
			sourceTree = "<group>";
		};
		7AE2226A28CD3ACF000E80E4 /* Views */ = {
			isa = PBXGroup;
			children = (
				7AE222C428D39905000E80E4 /* Modify Recipes */,
				7AE222C328D398B8000E80E4 /* Explore Recipes */,
			);
			path = Views;
			sourceTree = "<group>";
		};
		7AE2226B28CD3AE7000E80E4 /* ViewModels */ = {
			isa = PBXGroup;
			children = (
				7AE2226D28CD40A0000E80E4 /* RecipeData.swift */,
				7AE2227128CEC5BC000E80E4 /* AppColor.swift */,
			);
			path = ViewModels;
			sourceTree = "<group>";
		};
		7AE2226C28CD3AF5000E80E4 /* Models */ = {
			isa = PBXGroup;
			children = (
				7AE2224E28CA60B0000E80E4 /* Recipe.swift */,
			);
			path = Models;
			sourceTree = "<group>";
		};
		7AE222C328D398B8000E80E4 /* Explore Recipes */ = {
			isa = PBXGroup;
			children = (
				7AE2227328CFAECC000E80E4 /* RecipeCategoryGridView.swift */,
				7AE2226F28CD562C000E80E4 /* RecipeDetailView.swift */,
				7AE2224228CA5A44000E80E4 /* RecipesListView.swift */,
			);
			path = "Explore Recipes";
			sourceTree = "<group>";
		};
		7AE222C428D39905000E80E4 /* Modify Recipes */ = {
			isa = PBXGroup;
			children = (
				7AE222C528D50880000E80E4 /* ModifyRecipeView.swift */,
				7A471CBD28EDFC73007C489A /* ModifyMainInformationView.swift */,
				7A6B936728F37D8D006C6C76 /* ModifyIngredientView.swift */,
				7A6B936928F4914D006C6C76 /* ModifyComponentsView.swift */,
				7A6B936B28F7741F006C6C76 /* ModifyDirectionView.swift */,
			);
			path = "Modify Recipes";
			sourceTree = "<group>";
		};
/* End PBXGroup section */

/* Begin PBXNativeTarget section */
		7AE2223C28CA5A44000E80E4 /* Cookcademy */ = {
			isa = PBXNativeTarget;
			buildConfigurationList = 7AE2224B28CA5A44000E80E4 /* Build configuration list for PBXNativeTarget "Cookcademy" */;
			buildPhases = (
				7AE2223928CA5A44000E80E4 /* Sources */,
				7AE2223A28CA5A44000E80E4 /* Frameworks */,
				7AE2223B28CA5A44000E80E4 /* Resources */,
			);
			buildRules = (
			);
			dependencies = (
			);
			name = Cookcademy;
			productName = Cookcademy;
			productReference = 7AE2223D28CA5A44000E80E4 /* Cookcademy.app */;
			productType = "com.apple.product-type.application";
		};
/* End PBXNativeTarget section */

/* Begin PBXProject section */
		7AE2223528CA5A44000E80E4 /* Project object */ = {
			isa = PBXProject;
			attributes = {
				BuildIndependentTargetsInParallel = 1;
				LastSwiftUpdateCheck = 1340;
				LastUpgradeCheck = 1340;
				TargetAttributes = {
					7AE2223C28CA5A44000E80E4 = {
						CreatedOnToolsVersion = 13.4.1;
					};
				};
			};
			buildConfigurationList = 7AE2223828CA5A44000E80E4 /* Build configuration list for PBXProject "Cookcademy" */;
			compatibilityVersion = "Xcode 13.0";
			developmentRegion = en;
			hasScannedForEncodings = 0;
			knownRegions = (
				en,
				Base,
			);
			mainGroup = 7AE2223428CA5A44000E80E4;
			productRefGroup = 7AE2223E28CA5A44000E80E4 /* Products */;
			projectDirPath = "";
			projectRoot = "";
			targets = (
				7AE2223C28CA5A44000E80E4 /* Cookcademy */,
			);
		};
/* End PBXProject section */

/* Begin PBXResourcesBuildPhase section */
		7AE2223B28CA5A44000E80E4 /* Resources */ = {
			isa = PBXResourcesBuildPhase;
			buildActionMask = 2147483647;
			files = (
				7AE2224828CA5A44000E80E4 /* Preview Assets.xcassets in Resources */,
				7AE2224528CA5A44000E80E4 /* Assets.xcassets in Resources */,
			);
			runOnlyForDeploymentPostprocessing = 0;
		};
/* End PBXResourcesBuildPhase section */

/* Begin PBXSourcesBuildPhase section */
		7AE2223928CA5A44000E80E4 /* Sources */ = {
			isa = PBXSourcesBuildPhase;
			buildActionMask = 2147483647;
			files = (
				7AE2224F28CA60B0000E80E4 /* Recipe.swift in Sources */,
				7AE2227028CD562C000E80E4 /* RecipeDetailView.swift in Sources */,
				7AE2227428CFAECC000E80E4 /* RecipeCategoryGridView.swift in Sources */,
				7AE2226E28CD40A0000E80E4 /* RecipeData.swift in Sources */,
				7A6B936C28F7741F006C6C76 /* ModifyDirectionView.swift in Sources */,
				7AE222C628D50880000E80E4 /* ModifyRecipeView.swift in Sources */,
				7A6B936A28F4914D006C6C76 /* ModifyComponentsView.swift in Sources */,
				7AE2224328CA5A44000E80E4 /* RecipesListView.swift in Sources */,
				7AE2224128CA5A44000E80E4 /* CookcademyApp.swift in Sources */,
				7A471CBE28EDFC73007C489A /* ModifyMainInformationView.swift in Sources */,
				7AE2227228CEC5BC000E80E4 /* AppColor.swift in Sources */,
				7A6B936828F37D8D006C6C76 /* ModifyIngredientView.swift in Sources */,
			);
			runOnlyForDeploymentPostprocessing = 0;
		};
/* End PBXSourcesBuildPhase section */

/* Begin XCBuildConfiguration section */
		7AE2224928CA5A44000E80E4 /* Debug */ = {
			isa = XCBuildConfiguration;
			buildSettings = {
				ALWAYS_SEARCH_USER_PATHS = NO;
				CLANG_ANALYZER_NONNULL = YES;
				CLANG_ANALYZER_NUMBER_OBJECT_CONVERSION = YES_AGGRESSIVE;
				CLANG_CXX_LANGUAGE_STANDARD = "gnu++17";
				CLANG_ENABLE_MODULES = YES;
				CLANG_ENABLE_OBJC_ARC = YES;
				CLANG_ENABLE_OBJC_WEAK = YES;
				CLANG_WARN_BLOCK_CAPTURE_AUTORELEASING = YES;
				CLANG_WARN_BOOL_CONVERSION = YES;
				CLANG_WARN_COMMA = YES;
				CLANG_WARN_CONSTANT_CONVERSION = YES;
				CLANG_WARN_DEPRECATED_OBJC_IMPLEMENTATIONS = YES;
				CLANG_WARN_DIRECT_OBJC_ISA_USAGE = YES_ERROR;
				CLANG_WARN_DOCUMENTATION_COMMENTS = YES;
				CLANG_WARN_EMPTY_BODY = YES;
				CLANG_WARN_ENUM_CONVERSION = YES;
				CLANG_WARN_INFINITE_RECURSION = YES;
				CLANG_WARN_INT_CONVERSION = YES;
				CLANG_WARN_NON_LITERAL_NULL_CONVERSION = YES;
				CLANG_WARN_OBJC_IMPLICIT_RETAIN_SELF = YES;
				CLANG_WARN_OBJC_LITERAL_CONVERSION = YES;
				CLANG_WARN_OBJC_ROOT_CLASS = YES_ERROR;
				CLANG_WARN_QUOTED_INCLUDE_IN_FRAMEWORK_HEADER = YES;
				CLANG_WARN_RANGE_LOOP_ANALYSIS = YES;
				CLANG_WARN_STRICT_PROTOTYPES = YES;
				CLANG_WARN_SUSPICIOUS_MOVE = YES;
				CLANG_WARN_UNGUARDED_AVAILABILITY = YES_AGGRESSIVE;
				CLANG_WARN_UNREACHABLE_CODE = YES;
				CLANG_WARN__DUPLICATE_METHOD_MATCH = YES;
				COPY_PHASE_STRIP = NO;
				DEBUG_INFORMATION_FORMAT = dwarf;
				ENABLE_STRICT_OBJC_MSGSEND = YES;
				ENABLE_TESTABILITY = YES;
				GCC_C_LANGUAGE_STANDARD = gnu11;
				GCC_DYNAMIC_NO_PIC = NO;
				GCC_NO_COMMON_BLOCKS = YES;
				GCC_OPTIMIZATION_LEVEL = 0;
				GCC_PREPROCESSOR_DEFINITIONS = (
					"DEBUG=1",
					"$(inherited)",
				);
				GCC_WARN_64_TO_32_BIT_CONVERSION = YES;
				GCC_WARN_ABOUT_RETURN_TYPE = YES_ERROR;
				GCC_WARN_UNDECLARED_SELECTOR = YES;
				GCC_WARN_UNINITIALIZED_AUTOS = YES_AGGRESSIVE;
				GCC_WARN_UNUSED_FUNCTION = YES;
				GCC_WARN_UNUSED_VARIABLE = YES;
				IPHONEOS_DEPLOYMENT_TARGET = 15.5;
				MTL_ENABLE_DEBUG_INFO = INCLUDE_SOURCE;
				MTL_FAST_MATH = YES;
				ONLY_ACTIVE_ARCH = YES;
				SDKROOT = iphoneos;
				SWIFT_ACTIVE_COMPILATION_CONDITIONS = DEBUG;
				SWIFT_OPTIMIZATION_LEVEL = "-Onone";
			};
			name = Debug;
		};
		7AE2224A28CA5A44000E80E4 /* Release */ = {
			isa = XCBuildConfiguration;
			buildSettings = {
				ALWAYS_SEARCH_USER_PATHS = NO;
				CLANG_ANALYZER_NONNULL = YES;
				CLANG_ANALYZER_NUMBER_OBJECT_CONVERSION = YES_AGGRESSIVE;
				CLANG_CXX_LANGUAGE_STANDARD = "gnu++17";
				CLANG_ENABLE_MODULES = YES;
				CLANG_ENABLE_OBJC_ARC = YES;
				CLANG_ENABLE_OBJC_WEAK = YES;
				CLANG_WARN_BLOCK_CAPTURE_AUTORELEASING = YES;
				CLANG_WARN_BOOL_CONVERSION = YES;
				CLANG_WARN_COMMA = YES;
				CLANG_WARN_CONSTANT_CONVERSION = YES;
				CLANG_WARN_DEPRECATED_OBJC_IMPLEMENTATIONS = YES;
				CLANG_WARN_DIRECT_OBJC_ISA_USAGE = YES_ERROR;
				CLANG_WARN_DOCUMENTATION_COMMENTS = YES;
				CLANG_WARN_EMPTY_BODY = YES;
				CLANG_WARN_ENUM_CONVERSION = YES;
				CLANG_WARN_INFINITE_RECURSION = YES;
				CLANG_WARN_INT_CONVERSION = YES;
				CLANG_WARN_NON_LITERAL_NULL_CONVERSION = YES;
				CLANG_WARN_OBJC_IMPLICIT_RETAIN_SELF = YES;
				CLANG_WARN_OBJC_LITERAL_CONVERSION = YES;
				CLANG_WARN_OBJC_ROOT_CLASS = YES_ERROR;
				CLANG_WARN_QUOTED_INCLUDE_IN_FRAMEWORK_HEADER = YES;
				CLANG_WARN_RANGE_LOOP_ANALYSIS = YES;
				CLANG_WARN_STRICT_PROTOTYPES = YES;
				CLANG_WARN_SUSPICIOUS_MOVE = YES;
				CLANG_WARN_UNGUARDED_AVAILABILITY = YES_AGGRESSIVE;
				CLANG_WARN_UNREACHABLE_CODE = YES;
				CLANG_WARN__DUPLICATE_METHOD_MATCH = YES;
				COPY_PHASE_STRIP = NO;
				DEBUG_INFORMATION_FORMAT = "dwarf-with-dsym";
				ENABLE_NS_ASSERTIONS = NO;
				ENABLE_STRICT_OBJC_MSGSEND = YES;
				GCC_C_LANGUAGE_STANDARD = gnu11;
				GCC_NO_COMMON_BLOCKS = YES;
				GCC_WARN_64_TO_32_BIT_CONVERSION = YES;
				GCC_WARN_ABOUT_RETURN_TYPE = YES_ERROR;
				GCC_WARN_UNDECLARED_SELECTOR = YES;
				GCC_WARN_UNINITIALIZED_AUTOS = YES_AGGRESSIVE;
				GCC_WARN_UNUSED_FUNCTION = YES;
				GCC_WARN_UNUSED_VARIABLE = YES;
				IPHONEOS_DEPLOYMENT_TARGET = 15.5;
				MTL_ENABLE_DEBUG_INFO = NO;
				MTL_FAST_MATH = YES;
				SDKROOT = iphoneos;
				SWIFT_COMPILATION_MODE = wholemodule;
				SWIFT_OPTIMIZATION_LEVEL = "-O";
				VALIDATE_PRODUCT = YES;
			};
			name = Release;
		};
		7AE2224C28CA5A44000E80E4 /* Debug */ = {
			isa = XCBuildConfiguration;
			buildSettings = {
				ASSETCATALOG_COMPILER_APPICON_NAME = AppIcon;
				ASSETCATALOG_COMPILER_GLOBAL_ACCENT_COLOR_NAME = AccentColor;
				CODE_SIGN_STYLE = Automatic;
				CURRENT_PROJECT_VERSION = 1;
				DEVELOPMENT_ASSET_PATHS = "\"Cookcademy/Preview Content\"";
				DEVELOPMENT_TEAM = 2DDP9BK6TP;
				ENABLE_PREVIEWS = YES;
				GENERATE_INFOPLIST_FILE = YES;
				INFOPLIST_KEY_UIApplicationSceneManifest_Generation = YES;
				INFOPLIST_KEY_UIApplicationSupportsIndirectInputEvents = YES;
				INFOPLIST_KEY_UILaunchScreen_Generation = YES;
				INFOPLIST_KEY_UISupportedInterfaceOrientations_iPad = "UIInterfaceOrientationPortrait UIInterfaceOrientationPortraitUpsideDown UIInterfaceOrientationLandscapeLeft UIInterfaceOrientationLandscapeRight";
				INFOPLIST_KEY_UISupportedInterfaceOrientations_iPhone = "UIInterfaceOrientationPortrait UIInterfaceOrientationLandscapeLeft UIInterfaceOrientationLandscapeRight";
				LD_RUNPATH_SEARCH_PATHS = (
					"$(inherited)",
					"@executable_path/Frameworks",
				);
				MARKETING_VERSION = 1.0;
				PRODUCT_BUNDLE_IDENTIFIER = "Robert-Bates.Cookcademy";
				PRODUCT_NAME = "$(TARGET_NAME)";
				SWIFT_EMIT_LOC_STRINGS = YES;
				SWIFT_VERSION = 5.0;
				TARGETED_DEVICE_FAMILY = "1,2";
			};
			name = Debug;
		};
		7AE2224D28CA5A44000E80E4 /* Release */ = {
			isa = XCBuildConfiguration;
			buildSettings = {
				ASSETCATALOG_COMPILER_APPICON_NAME = AppIcon;
				ASSETCATALOG_COMPILER_GLOBAL_ACCENT_COLOR_NAME = AccentColor;
				CODE_SIGN_STYLE = Automatic;
				CURRENT_PROJECT_VERSION = 1;
				DEVELOPMENT_ASSET_PATHS = "\"Cookcademy/Preview Content\"";
				DEVELOPMENT_TEAM = 2DDP9BK6TP;
				ENABLE_PREVIEWS = YES;
				GENERATE_INFOPLIST_FILE = YES;
				INFOPLIST_KEY_UIApplicationSceneManifest_Generation = YES;
				INFOPLIST_KEY_UIApplicationSupportsIndirectInputEvents = YES;
				INFOPLIST_KEY_UILaunchScreen_Generation = YES;
				INFOPLIST_KEY_UISupportedInterfaceOrientations_iPad = "UIInterfaceOrientationPortrait UIInterfaceOrientationPortraitUpsideDown UIInterfaceOrientationLandscapeLeft UIInterfaceOrientationLandscapeRight";
				INFOPLIST_KEY_UISupportedInterfaceOrientations_iPhone = "UIInterfaceOrientationPortrait UIInterfaceOrientationLandscapeLeft UIInterfaceOrientationLandscapeRight";
				LD_RUNPATH_SEARCH_PATHS = (
					"$(inherited)",
					"@executable_path/Frameworks",
				);
				MARKETING_VERSION = 1.0;
				PRODUCT_BUNDLE_IDENTIFIER = "Robert-Bates.Cookcademy";
				PRODUCT_NAME = "$(TARGET_NAME)";
				SWIFT_EMIT_LOC_STRINGS = YES;
				SWIFT_VERSION = 5.0;
				TARGETED_DEVICE_FAMILY = "1,2";
			};
			name = Release;
		};
/* End XCBuildConfiguration section */

/* Begin XCConfigurationList section */
		7AE2223828CA5A44000E80E4 /* Build configuration list for PBXProject "Cookcademy" */ = {
			isa = XCConfigurationList;
			buildConfigurations = (
				7AE2224928CA5A44000E80E4 /* Debug */,
				7AE2224A28CA5A44000E80E4 /* Release */,
			);
			defaultConfigurationIsVisible = 0;
			defaultConfigurationName = Release;
		};
		7AE2224B28CA5A44000E80E4 /* Build configuration list for PBXNativeTarget "Cookcademy" */ = {
			isa = XCConfigurationList;
			buildConfigurations = (
				7AE2224C28CA5A44000E80E4 /* Debug */,
				7AE2224D28CA5A44000E80E4 /* Release */,
			);
			defaultConfigurationIsVisible = 0;
			defaultConfigurationName = Release;
		};
/* End XCConfigurationList section */
	};
	rootObject = 7AE2223528CA5A44000E80E4 /* Project object */;
}
